<?xml version="1.0" encoding="utf-8"?>
<Project ToolsVersion="4.0" xmlns="http://schemas.microsoft.com/developer/msbuild/2003">
  <ItemGroup>
    <Filter Include="Source Files">
      <UniqueIdentifier>{4FC737F1-C7A5-4376-A066-2A32D752A2FF}</UniqueIdentifier>
      <Extensions>cpp;c;cc;cxx;def;odl;idl;hpj;bat;asm;asmx</Extensions>
    </Filter>
    <Filter Include="Header Files">
      <UniqueIdentifier>{93995380-89BD-4b04-88EB-625FBE52EBFB}</UniqueIdentifier>
      <Extensions>h;hh;hpp;hxx;hm;inl;inc;ipp;xsd</Extensions>
    </Filter>
    <Filter Include="Resource Files">
      <UniqueIdentifier>{67DA6AB6-F800-4c08-8B7A-83BB121AAD01}</UniqueIdentifier>
      <Extensions>rc;ico;cur;bmp;dlg;rc2;rct;bin;rgs;gif;jpg;jpeg;jpe;resx;tiff;tif;png;wav;mfcribbon-ms</Extensions>
    </Filter>
    <Filter Include="Header Files\obs">
      <UniqueIdentifier>{14cd6d17-8ad9-4d67-a3b7-6a1d998cf926}</UniqueIdentifier>
    </Filter>
    <Filter Include="Source Files\obs">
      <UniqueIdentifier>{50f371f6-930e-41f8-9c0b-111f8ad62d19}</UniqueIdentifier>
    </Filter>
    <Filter Include="Header Files\utils">
      <UniqueIdentifier>{c7744690-e909-4d67-b85a-ca38053e0802}</UniqueIdentifier>
    </Filter>
    <Filter Include="Source Files\utils">
      <UniqueIdentifier>{778bf8e1-1ac9-48d3-86b1-2c6c80bcb206}</UniqueIdentifier>
    </Filter>
    <Filter Include="Source Files\obs\ipc-util">
      <UniqueIdentifier>{6eb9d81f-6327-4cd0-892b-8117074be1d0}</UniqueIdentifier>
    </Filter>
    <Filter Include="Header Files\obs\ipc-util">
      <UniqueIdentifier>{7447201c-01f7-493f-8b3f-6f6db574f20b}</UniqueIdentifier>
    </Filter>
    <Filter Include="Source Files\capture_engine">
      <UniqueIdentifier>{a02ca756-1c53-4168-8979-c0c2888ddc2f}</UniqueIdentifier>
    </Filter>
    <Filter Include="Header Files\capture_engine">
      <UniqueIdentifier>{76c6fbc3-188d-4c1c-bc3c-59fee2a9a672}</UniqueIdentifier>
    </Filter>
  </ItemGroup>
  <ItemGroup>
    <ClInclude Include="src\obs\obfuscate.h">
      <Filter>Header Files\obs</Filter>
    </ClInclude>
    <ClInclude Include="src\utils\WindowsUtils.h">
      <Filter>Header Files\utils</Filter>
    </ClInclude>
    <ClInclude Include="src\obs\funchook.h">
      <Filter>Header Files\obs</Filter>
    </ClInclude>
    <ClInclude Include="src\obs\graphics-hook-info.h">
      <Filter>Header Files\obs</Filter>
    </ClInclude>
    <ClInclude Include="src\obs\inject-library.h">
      <Filter>Header Files\obs</Filter>
    </ClInclude>
    <ClInclude Include="src\CaptureInfo.h">
      <Filter>Header Files</Filter>
    </ClInclude>
    <ClInclude Include="src\utils\Utils.h">
      <Filter>Header Files\utils</Filter>
    </ClInclude>
    <ClInclude Include="src\GraphicsHook.h">
      <Filter>Header Files</Filter>
    </ClInclude>
    <ClInclude Include="src\obs\ipc-util\pipe.h">
      <Filter>Header Files\obs\ipc-util</Filter>
    </ClInclude>
    <ClInclude Include="src\obs\ipc-util\pipe-windows.h">
      <Filter>Header Files\obs\ipc-util</Filter>
    </ClInclude>
    <ClInclude Include="src\capture_engine\ICaptureEngine.h">
      <Filter>Header Files\capture_engine</Filter>
    </ClInclude>
    <ClInclude Include="src\capture_engine\ICaptureHook.h">
      <Filter>Header Files\capture_engine</Filter>
    </ClInclude>
    <ClInclude Include="src\capture_engine\CaptureData.h">
      <Filter>Header Files\capture_engine</Filter>
    </ClInclude>
    <ClInclude Include="src\capture_engine\CaptureCommon.h">
      <Filter>Header Files\capture_engine</Filter>
    </ClInclude>
    <ClInclude Include="src\capture_engine\WindowCapture.h">
      <Filter>Header Files\capture_engine</Filter>
    </ClInclude>
  </ItemGroup>
  <ItemGroup>
    <ClCompile Include="src\Capture.cpp">
      <Filter>Source Files</Filter>
    </ClCompile>
    <ClCompile Include="src\obs\obfuscate.c">
      <Filter>Source Files\obs</Filter>
    </ClCompile>
    <ClCompile Include="src\utils\WindowsUtils.cpp">
      <Filter>Source Files\utils</Filter>
    </ClCompile>
    <ClCompile Include="src\obs\funchook.c">
      <Filter>Source Files\obs</Filter>
    </ClCompile>
    <ClCompile Include="src\obs\inject-library.c">
      <Filter>Source Files\obs</Filter>
    </ClCompile>
    <ClCompile Include="src\CaptureInfo.cpp">
      <Filter>Source Files</Filter>
    </ClCompile>
    <ClCompile Include="src\utils\Utils.cpp">
      <Filter>Source Files\utils</Filter>
    </ClCompile>
    <ClCompile Include="src\GraphicsHook.cpp">
      <Filter>Source Files</Filter>
    </ClCompile>
    <ClCompile Include="src\obs\ipc-util\pipe-windows.c">
      <Filter>Source Files\obs\ipc-util</Filter>
    </ClCompile>
    <ClCompile Include="src\capture_engine\CaptureData.cpp">
      <Filter>Source Files\capture_engine</Filter>
    </ClCompile>
    <ClCompile Include="src\capture_engine\WindowCapture.cpp">
      <Filter>Source Files\capture_engine</Filter>
    </ClCompile>
  </ItemGroup>
</Project>